// !$*UTF8*$!
{
	archiveVersion = 1;
	classes = {
	};
	objectVersion = 51;
	objects = {

/* Begin PBXBuildFile section */
		4D4D8421E5D960F52CE4F653 /* Pods_iTunesMedia.framework in Frameworks */ = {isa = PBXBuildFile; fileRef = 48AF4B0FA20D0A0F41F0CF1A /* Pods_iTunesMedia.framework */; };
		E610DBF8263A1A730011B1BB /* RealmClient.swift in Sources */ = {isa = PBXBuildFile; fileRef = E610DBF7263A1A730011B1BB /* RealmClient.swift */; };
		E61921BC2639989900C6154C /* FavoriteViewModel.swift in Sources */ = {isa = PBXBuildFile; fileRef = E61921BB2639989900C6154C /* FavoriteViewModel.swift */; };
		E61921C22639A8F700C6154C /* R.generated.swift in Sources */ = {isa = PBXBuildFile; fileRef = E61921C12639A8F700C6154C /* R.generated.swift */; };
		E61A666E2638CBDE00AC20EE /* CardView.swift in Sources */ = {isa = PBXBuildFile; fileRef = E61A666D2638CBDE00AC20EE /* CardView.swift */; };
		E63B2C562638E3D500DFA74C /* String+Extensions.swift in Sources */ = {isa = PBXBuildFile; fileRef = E63B2C552638E3D500DFA74C /* String+Extensions.swift */; };
		E63B2C5B2638E6A200DFA74C /* APIClient.swift in Sources */ = {isa = PBXBuildFile; fileRef = E63B2C5A2638E6A200DFA74C /* APIClient.swift */; };
		E6AD0E2F263971CF0003900B /* FavoriteListController.swift in Sources */ = {isa = PBXBuildFile; fileRef = E6AD0E2E263971CF0003900B /* FavoriteListController.swift */; };
		E6AD0E33263971FD0003900B /* FavoritesCoordinator.swift in Sources */ = {isa = PBXBuildFile; fileRef = E6AD0E32263971FD0003900B /* FavoritesCoordinator.swift */; };
		E6AD0E88263989630003900B /* Favorite.swift in Sources */ = {isa = PBXBuildFile; fileRef = E6AD0E87263989630003900B /* Favorite.swift */; };
		E80ABE2D25077F1800640E3F /* AppDelegate.swift in Sources */ = {isa = PBXBuildFile; fileRef = E80ABE2C25077F1800640E3F /* AppDelegate.swift */; };
		E80ABE3425077F1800640E3F /* Main.storyboard in Resources */ = {isa = PBXBuildFile; fileRef = E80ABE3225077F1800640E3F /* Main.storyboard */; };
		E80ABE3625077F1900640E3F /* Assets.xcassets in Resources */ = {isa = PBXBuildFile; fileRef = E80ABE3525077F1900640E3F /* Assets.xcassets */; };
		E80ABE3925077F1900640E3F /* LaunchScreen.storyboard in Resources */ = {isa = PBXBuildFile; fileRef = E80ABE3725077F1900640E3F /* LaunchScreen.storyboard */; };
		E81BEFA52507BFD000703FEE /* DetailController.swift in Sources */ = {isa = PBXBuildFile; fileRef = E81BEFA42507BFD000703FEE /* DetailController.swift */; };
		E81BEFA72507C13300703FEE /* DetailCoordinator.swift in Sources */ = {isa = PBXBuildFile; fileRef = E81BEFA62507C13300703FEE /* DetailCoordinator.swift */; };
		E81BEFA92507C60100703FEE /* DetailViewModel.swift in Sources */ = {isa = PBXBuildFile; fileRef = E81BEFA82507C60100703FEE /* DetailViewModel.swift */; };
		E82DC8F425079BC700BBA6E4 /* MainViewModel.swift in Sources */ = {isa = PBXBuildFile; fileRef = E82DC8F325079BC700BBA6E4 /* MainViewModel.swift */; };
		E82DC8F725079C2300BBA6E4 /* Media.swift in Sources */ = {isa = PBXBuildFile; fileRef = E82DC8F625079C2300BBA6E4 /* Media.swift */; };
		E82DC8F925079D7C00BBA6E4 /* PagedResponse.swift in Sources */ = {isa = PBXBuildFile; fileRef = E82DC8F825079D7C00BBA6E4 /* PagedResponse.swift */; };
		E82DC8FE2507A52200BBA6E4 /* MediaCell.swift in Sources */ = {isa = PBXBuildFile; fileRef = E82DC8FC2507A52200BBA6E4 /* MediaCell.swift */; };
		E82DC8FF2507A52200BBA6E4 /* MediaCell.xib in Resources */ = {isa = PBXBuildFile; fileRef = E82DC8FD2507A52200BBA6E4 /* MediaCell.xib */; };
		E82DC9012507A75C00BBA6E4 /* MediaCellViewModel.swift in Sources */ = {isa = PBXBuildFile; fileRef = E82DC9002507A75C00BBA6E4 /* MediaCellViewModel.swift */; };
		E831D25C25078B7F003114A9 /* Landing.storyboard in Resources */ = {isa = PBXBuildFile; fileRef = E831D25B25078B7F003114A9 /* Landing.storyboard */; };
		E8581768250791D40041BCCE /* LandingController.swift in Sources */ = {isa = PBXBuildFile; fileRef = E8581767250791D40041BCCE /* LandingController.swift */; };
		E858176A250793790041BCCE /* MainCoordinator.swift in Sources */ = {isa = PBXBuildFile; fileRef = E8581769250793790041BCCE /* MainCoordinator.swift */; };
		E858176C250793E80041BCCE /* MainController.swift in Sources */ = {isa = PBXBuildFile; fileRef = E858176B250793E80041BCCE /* MainController.swift */; };
/* End PBXBuildFile section */

/* Begin PBXFileReference section */
		12B18BFA37C2F617DFE2EA09 /* Pods-iTunesMedia.release.xcconfig */ = {isa = PBXFileReference; includeInIndex = 1; lastKnownFileType = text.xcconfig; name = "Pods-iTunesMedia.release.xcconfig"; path = "Target Support Files/Pods-iTunesMedia/Pods-iTunesMedia.release.xcconfig"; sourceTree = "<group>"; };
		48AF4B0FA20D0A0F41F0CF1A /* Pods_iTunesMedia.framework */ = {isa = PBXFileReference; explicitFileType = wrapper.framework; includeInIndex = 0; path = Pods_iTunesMedia.framework; sourceTree = BUILT_PRODUCTS_DIR; };
		641F6714E337C7D47785A3BA /* Pods-iTunesMedia.debug.xcconfig */ = {isa = PBXFileReference; includeInIndex = 1; lastKnownFileType = text.xcconfig; name = "Pods-iTunesMedia.debug.xcconfig"; path = "Target Support Files/Pods-iTunesMedia/Pods-iTunesMedia.debug.xcconfig"; sourceTree = "<group>"; };
		E610DBF7263A1A730011B1BB /* RealmClient.swift */ = {isa = PBXFileReference; lastKnownFileType = sourcecode.swift; path = RealmClient.swift; sourceTree = "<group>"; };
		E61921BB2639989900C6154C /* FavoriteViewModel.swift */ = {isa = PBXFileReference; lastKnownFileType = sourcecode.swift; path = FavoriteViewModel.swift; sourceTree = "<group>"; };
		E61921C12639A8F700C6154C /* R.generated.swift */ = {isa = PBXFileReference; fileEncoding = 4; lastKnownFileType = sourcecode.swift; path = R.generated.swift; sourceTree = SOURCE_ROOT; };
		E61A666D2638CBDE00AC20EE /* CardView.swift */ = {isa = PBXFileReference; lastKnownFileType = sourcecode.swift; path = CardView.swift; sourceTree = "<group>"; };
		E63B2C552638E3D500DFA74C /* String+Extensions.swift */ = {isa = PBXFileReference; lastKnownFileType = sourcecode.swift; path = "String+Extensions.swift"; sourceTree = "<group>"; };
		E63B2C5A2638E6A200DFA74C /* APIClient.swift */ = {isa = PBXFileReference; lastKnownFileType = sourcecode.swift; path = APIClient.swift; sourceTree = "<group>"; };
		E6AD0E2E263971CF0003900B /* FavoriteListController.swift */ = {isa = PBXFileReference; lastKnownFileType = sourcecode.swift; path = FavoriteListController.swift; sourceTree = "<group>"; };
		E6AD0E32263971FD0003900B /* FavoritesCoordinator.swift */ = {isa = PBXFileReference; lastKnownFileType = sourcecode.swift; path = FavoritesCoordinator.swift; sourceTree = "<group>"; };
		E6AD0E87263989630003900B /* Favorite.swift */ = {isa = PBXFileReference; lastKnownFileType = sourcecode.swift; path = Favorite.swift; sourceTree = "<group>"; };
		E80ABE2925077F1800640E3F /* iTunesMedia.app */ = {isa = PBXFileReference; explicitFileType = wrapper.application; includeInIndex = 0; path = iTunesMedia.app; sourceTree = BUILT_PRODUCTS_DIR; };
		E80ABE2C25077F1800640E3F /* AppDelegate.swift */ = {isa = PBXFileReference; lastKnownFileType = sourcecode.swift; path = AppDelegate.swift; sourceTree = "<group>"; };
		E80ABE3325077F1800640E3F /* Base */ = {isa = PBXFileReference; lastKnownFileType = file.storyboard; name = Base; path = Base.lproj/Main.storyboard; sourceTree = "<group>"; };
		E80ABE3525077F1900640E3F /* Assets.xcassets */ = {isa = PBXFileReference; lastKnownFileType = folder.assetcatalog; path = Assets.xcassets; sourceTree = "<group>"; };
		E80ABE3825077F1900640E3F /* Base */ = {isa = PBXFileReference; lastKnownFileType = file.storyboard; name = Base; path = Base.lproj/LaunchScreen.storyboard; sourceTree = "<group>"; };
		E80ABE3A25077F1900640E3F /* Info.plist */ = {isa = PBXFileReference; lastKnownFileType = text.plist.xml; path = Info.plist; sourceTree = "<group>"; };
		E81BEFA42507BFD000703FEE /* DetailController.swift */ = {isa = PBXFileReference; lastKnownFileType = sourcecode.swift; path = DetailController.swift; sourceTree = "<group>"; };
		E81BEFA62507C13300703FEE /* DetailCoordinator.swift */ = {isa = PBXFileReference; lastKnownFileType = sourcecode.swift; path = DetailCoordinator.swift; sourceTree = "<group>"; };
		E81BEFA82507C60100703FEE /* DetailViewModel.swift */ = {isa = PBXFileReference; lastKnownFileType = sourcecode.swift; path = DetailViewModel.swift; sourceTree = "<group>"; };
		E82DC8F325079BC700BBA6E4 /* MainViewModel.swift */ = {isa = PBXFileReference; lastKnownFileType = sourcecode.swift; path = MainViewModel.swift; sourceTree = "<group>"; };
		E82DC8F625079C2300BBA6E4 /* Media.swift */ = {isa = PBXFileReference; lastKnownFileType = sourcecode.swift; path = Media.swift; sourceTree = "<group>"; };
		E82DC8F825079D7C00BBA6E4 /* PagedResponse.swift */ = {isa = PBXFileReference; lastKnownFileType = sourcecode.swift; path = PagedResponse.swift; sourceTree = "<group>"; };
		E82DC8FC2507A52200BBA6E4 /* MediaCell.swift */ = {isa = PBXFileReference; lastKnownFileType = sourcecode.swift; path = MediaCell.swift; sourceTree = "<group>"; };
		E82DC8FD2507A52200BBA6E4 /* MediaCell.xib */ = {isa = PBXFileReference; lastKnownFileType = file.xib; path = MediaCell.xib; sourceTree = "<group>"; };
		E82DC9002507A75C00BBA6E4 /* MediaCellViewModel.swift */ = {isa = PBXFileReference; lastKnownFileType = sourcecode.swift; path = MediaCellViewModel.swift; sourceTree = "<group>"; };
		E831D25B25078B7F003114A9 /* Landing.storyboard */ = {isa = PBXFileReference; lastKnownFileType = file.storyboard; path = Landing.storyboard; sourceTree = "<group>"; };
		E8581767250791D40041BCCE /* LandingController.swift */ = {isa = PBXFileReference; lastKnownFileType = sourcecode.swift; path = LandingController.swift; sourceTree = "<group>"; };
		E8581769250793790041BCCE /* MainCoordinator.swift */ = {isa = PBXFileReference; lastKnownFileType = sourcecode.swift; path = MainCoordinator.swift; sourceTree = "<group>"; };
		E858176B250793E80041BCCE /* MainController.swift */ = {isa = PBXFileReference; lastKnownFileType = sourcecode.swift; path = MainController.swift; sourceTree = "<group>"; };
/* End PBXFileReference section */

/* Begin PBXFrameworksBuildPhase section */
		E80ABE2625077F1800640E3F /* Frameworks */ = {
			isa = PBXFrameworksBuildPhase;
			buildActionMask = 2147483647;
			files = (
				4D4D8421E5D960F52CE4F653 /* Pods_iTunesMedia.framework in Frameworks */,
			);
			runOnlyForDeploymentPostprocessing = 0;
		};
/* End PBXFrameworksBuildPhase section */

/* Begin PBXGroup section */
		0FF15915A42CD1527FC0F3BE /* Frameworks */ = {
			isa = PBXGroup;
			children = (
				48AF4B0FA20D0A0F41F0CF1A /* Pods_iTunesMedia.framework */,
			);
			name = Frameworks;
			sourceTree = "<group>";
		};
		D3777D30C38AFACD3CC40017 /* Pods */ = {
			isa = PBXGroup;
			children = (
				641F6714E337C7D47785A3BA /* Pods-iTunesMedia.debug.xcconfig */,
				12B18BFA37C2F617DFE2EA09 /* Pods-iTunesMedia.release.xcconfig */,
			);
			path = Pods;
			sourceTree = "<group>";
		};
		E61A664D2638C3CF00AC20EE /* utilities */ = {
			isa = PBXGroup;
			children = (
				E61921C12639A8F700C6154C /* R.generated.swift */,
				E610DBF7263A1A730011B1BB /* RealmClient.swift */,
			);
			path = utilities;
			sourceTree = "<group>";
		};
		E61A666C2638CBCA00AC20EE /* custom */ = {
			isa = PBXGroup;
			children = (
				E61A666D2638CBDE00AC20EE /* CardView.swift */,
			);
			path = custom;
			sourceTree = "<group>";
		};
		E63B2C512638D14200DFA74C /* assets */ = {
			isa = PBXGroup;
			children = (
				E80ABE3525077F1900640E3F /* Assets.xcassets */,
			);
			path = assets;
			sourceTree = "<group>";
		};
		E63B2C542638E3C800DFA74C /* extensions */ = {
			isa = PBXGroup;
			children = (
				E63B2C552638E3D500DFA74C /* String+Extensions.swift */,
			);
			path = extensions;
			sourceTree = "<group>";
		};
		E63B2C592638E69700DFA74C /* api */ = {
			isa = PBXGroup;
			children = (
				E63B2C5A2638E6A200DFA74C /* APIClient.swift */,
			);
			path = api;
			sourceTree = "<group>";
		};
		E80ABE2025077F1800640E3F = {
			isa = PBXGroup;
			children = (
				E80ABE2B25077F1800640E3F /* iTunesMedia */,
				E80ABE2A25077F1800640E3F /* Products */,
				D3777D30C38AFACD3CC40017 /* Pods */,
				0FF15915A42CD1527FC0F3BE /* Frameworks */,
			);
			sourceTree = "<group>";
		};
		E80ABE2A25077F1800640E3F /* Products */ = {
			isa = PBXGroup;
			children = (
				E80ABE2925077F1800640E3F /* iTunesMedia.app */,
			);
			name = Products;
			sourceTree = "<group>";
		};
		E80ABE2B25077F1800640E3F /* iTunesMedia */ = {
			isa = PBXGroup;
			children = (
				E63B2C592638E69700DFA74C /* api */,
				E80ABE2C25077F1800640E3F /* AppDelegate.swift */,
				E63B2C512638D14200DFA74C /* assets */,
				E82DC8FB2507A49600BBA6E4 /* cells */,
				E858176525078FDF0041BCCE /* controllers */,
				E858176625078FEC0041BCCE /* coordinators */,
				E61A666C2638CBCA00AC20EE /* custom */,
				E63B2C542638E3C800DFA74C /* extensions */,
				E80ABE3A25077F1900640E3F /* Info.plist */,
				E82DC8F525079C1B00BBA6E4 /* models */,
				E831D25D25078BC4003114A9 /* storyboards */,
				E61A664D2638C3CF00AC20EE /* utilities */,
				E82DC8F225079BB400BBA6E4 /* viewmodels */,
			);
			path = iTunesMedia;
			sourceTree = "<group>";
		};
		E82DC8F225079BB400BBA6E4 /* viewmodels */ = {
			isa = PBXGroup;
			children = (
				E81BEFA82507C60100703FEE /* DetailViewModel.swift */,
				E61921BB2639989900C6154C /* FavoriteViewModel.swift */,
				E82DC8F325079BC700BBA6E4 /* MainViewModel.swift */,
				E82DC9002507A75C00BBA6E4 /* MediaCellViewModel.swift */,
			);
			path = viewmodels;
			sourceTree = "<group>";
		};
		E82DC8F525079C1B00BBA6E4 /* models */ = {
			isa = PBXGroup;
			children = (
				E82DC8FA2507A0CE00BBA6E4 /* http */,
				E6AD0E87263989630003900B /* Favorite.swift */,
				E82DC8F625079C2300BBA6E4 /* Media.swift */,
			);
			path = models;
			sourceTree = "<group>";
		};
		E82DC8FA2507A0CE00BBA6E4 /* http */ = {
			isa = PBXGroup;
			children = (
				E82DC8F825079D7C00BBA6E4 /* PagedResponse.swift */,
			);
			path = http;
			sourceTree = "<group>";
		};
		E82DC8FB2507A49600BBA6E4 /* cells */ = {
			isa = PBXGroup;
			children = (
				E82DC8FC2507A52200BBA6E4 /* MediaCell.swift */,
				E82DC8FD2507A52200BBA6E4 /* MediaCell.xib */,
			);
			path = cells;
			sourceTree = "<group>";
		};
		E831D25D25078BC4003114A9 /* storyboards */ = {
			isa = PBXGroup;
			children = (
				E831D25B25078B7F003114A9 /* Landing.storyboard */,
				E80ABE3725077F1900640E3F /* LaunchScreen.storyboard */,
				E80ABE3225077F1800640E3F /* Main.storyboard */,
			);
			path = storyboards;
			sourceTree = "<group>";
		};
		E858176525078FDF0041BCCE /* controllers */ = {
			isa = PBXGroup;
			children = (
				E81BEFA42507BFD000703FEE /* DetailController.swift */,
				E6AD0E2E263971CF0003900B /* FavoriteListController.swift */,
				E8581767250791D40041BCCE /* LandingController.swift */,
				E858176B250793E80041BCCE /* MainController.swift */,
			);
			path = controllers;
			sourceTree = "<group>";
		};
		E858176625078FEC0041BCCE /* coordinators */ = {
			isa = PBXGroup;
			children = (
				E81BEFA62507C13300703FEE /* DetailCoordinator.swift */,
				E6AD0E32263971FD0003900B /* FavoritesCoordinator.swift */,
				E8581769250793790041BCCE /* MainCoordinator.swift */,
			);
			path = coordinators;
			sourceTree = "<group>";
		};
/* End PBXGroup section */

/* Begin PBXNativeTarget section */
		E80ABE2825077F1800640E3F /* iTunesMedia */ = {
			isa = PBXNativeTarget;
			buildConfigurationList = E80ABE3D25077F1900640E3F /* Build configuration list for PBXNativeTarget "iTunesMedia" */;
			buildPhases = (
				4E983249ECCD991AC2ABA0DB /* [CP] Check Pods Manifest.lock */,
				E831D2462507840E003114A9 /* ShellScript */,
				E80ABE2525077F1800640E3F /* Sources */,
				E80ABE2625077F1800640E3F /* Frameworks */,
				E80ABE2725077F1800640E3F /* Resources */,
				B3E828AD8A87515953A1F52B /* [CP] Embed Pods Frameworks */,
			);
			buildRules = (
			);
			dependencies = (
			);
			name = iTunesMedia;
			productName = iTunesMedia;
			productReference = E80ABE2925077F1800640E3F /* iTunesMedia.app */;
			productType = "com.apple.product-type.application";
		};
/* End PBXNativeTarget section */

/* Begin PBXProject section */
		E80ABE2125077F1800640E3F /* Project object */ = {
			isa = PBXProject;
			attributes = {
				LastSwiftUpdateCheck = 1160;
				LastUpgradeCheck = 1220;
				ORGANIZATIONNAME = dummy;
				TargetAttributes = {
					E80ABE2825077F1800640E3F = {
						CreatedOnToolsVersion = 11.6;
					};
				};
			};
			buildConfigurationList = E80ABE2425077F1800640E3F /* Build configuration list for PBXProject "iTunesMedia" */;
			compatibilityVersion = "Xcode 9.3";
			developmentRegion = en;
			hasScannedForEncodings = 0;
			knownRegions = (
				en,
				Base,
			);
			mainGroup = E80ABE2025077F1800640E3F;
			productRefGroup = E80ABE2A25077F1800640E3F /* Products */;
			projectDirPath = "";
			projectRoot = "";
			targets = (
				E80ABE2825077F1800640E3F /* iTunesMedia */,
			);
		};
/* End PBXProject section */

/* Begin PBXResourcesBuildPhase section */
		E80ABE2725077F1800640E3F /* Resources */ = {
			isa = PBXResourcesBuildPhase;
			buildActionMask = 2147483647;
			files = (
				E80ABE3925077F1900640E3F /* LaunchScreen.storyboard in Resources */,
				E80ABE3625077F1900640E3F /* Assets.xcassets in Resources */,
				E82DC8FF2507A52200BBA6E4 /* MediaCell.xib in Resources */,
				E831D25C25078B7F003114A9 /* Landing.storyboard in Resources */,
				E80ABE3425077F1800640E3F /* Main.storyboard in Resources */,
			);
			runOnlyForDeploymentPostprocessing = 0;
		};
/* End PBXResourcesBuildPhase section */

/* Begin PBXShellScriptBuildPhase section */
		4E983249ECCD991AC2ABA0DB /* [CP] Check Pods Manifest.lock */ = {
			isa = PBXShellScriptBuildPhase;
			buildActionMask = 2147483647;
			files = (
			);
			inputFileListPaths = (
			);
			inputPaths = (
				"${PODS_PODFILE_DIR_PATH}/Podfile.lock",
				"${PODS_ROOT}/Manifest.lock",
			);
			name = "[CP] Check Pods Manifest.lock";
			outputFileListPaths = (
			);
			outputPaths = (
				"$(DERIVED_FILE_DIR)/Pods-iTunesMedia-checkManifestLockResult.txt",
			);
			runOnlyForDeploymentPostprocessing = 0;
			shellPath = /bin/sh;
			shellScript = "diff \"${PODS_PODFILE_DIR_PATH}/Podfile.lock\" \"${PODS_ROOT}/Manifest.lock\" > /dev/null\nif [ $? != 0 ] ; then\n    # print error to STDERR\n    echo \"error: The sandbox is not in sync with the Podfile.lock. Run 'pod install' or update your CocoaPods installation.\" >&2\n    exit 1\nfi\n# This output is used by Xcode 'outputs' to avoid re-running this script phase.\necho \"SUCCESS\" > \"${SCRIPT_OUTPUT_FILE_0}\"\n";
			showEnvVarsInLog = 0;
		};
		B3E828AD8A87515953A1F52B /* [CP] Embed Pods Frameworks */ = {
			isa = PBXShellScriptBuildPhase;
			buildActionMask = 2147483647;
			files = (
			);
			inputFileListPaths = (
				"${PODS_ROOT}/Target Support Files/Pods-iTunesMedia/Pods-iTunesMedia-frameworks-${CONFIGURATION}-input-files.xcfilelist",
			);
			name = "[CP] Embed Pods Frameworks";
			outputFileListPaths = (
				"${PODS_ROOT}/Target Support Files/Pods-iTunesMedia/Pods-iTunesMedia-frameworks-${CONFIGURATION}-output-files.xcfilelist",
			);
			runOnlyForDeploymentPostprocessing = 0;
			shellPath = /bin/sh;
			shellScript = "\"${PODS_ROOT}/Target Support Files/Pods-iTunesMedia/Pods-iTunesMedia-frameworks.sh\"\n";
			showEnvVarsInLog = 0;
		};
		E831D2462507840E003114A9 /* ShellScript */ = {
			isa = PBXShellScriptBuildPhase;
			buildActionMask = 2147483647;
			files = (
			);
			inputFileListPaths = (
			);
			inputPaths = (
				"$TEMP_DIR/rswift-lastrun",
			);
			outputFileListPaths = (
			);
			outputPaths = (
				$SRCROOT/R.generated.swift,
			);
			runOnlyForDeploymentPostprocessing = 0;
			shellPath = /bin/sh;
			shellScript = "\"$PODS_ROOT/R.swift/rswift\" generate \"$SRCROOT/R.generated.swift\"\n";
		};
/* End PBXShellScriptBuildPhase section */

/* Begin PBXSourcesBuildPhase section */
		E80ABE2525077F1800640E3F /* Sources */ = {
			isa = PBXSourcesBuildPhase;
			buildActionMask = 2147483647;
			files = (
				E61A666E2638CBDE00AC20EE /* CardView.swift in Sources */,
				E8581768250791D40041BCCE /* LandingController.swift in Sources */,
				E858176A250793790041BCCE /* MainCoordinator.swift in Sources */,
				E6AD0E2F263971CF0003900B /* FavoriteListController.swift in Sources */,
				E63B2C5B2638E6A200DFA74C /* APIClient.swift in Sources */,
				E81BEFA52507BFD000703FEE /* DetailController.swift in Sources */,
				E82DC8F725079C2300BBA6E4 /* Media.swift in Sources */,
				E61921C22639A8F700C6154C /* R.generated.swift in Sources */,
				E80ABE2D25077F1800640E3F /* AppDelegate.swift in Sources */,
				E82DC8FE2507A52200BBA6E4 /* MediaCell.swift in Sources */,
				E858176C250793E80041BCCE /* MainController.swift in Sources */,
				E610DBF8263A1A730011B1BB /* RealmClient.swift in Sources */,
				E82DC9012507A75C00BBA6E4 /* MediaCellViewModel.swift in Sources */,
				E6AD0E88263989630003900B /* Favorite.swift in Sources */,
				E63B2C562638E3D500DFA74C /* String+Extensions.swift in Sources */,
				E81BEFA92507C60100703FEE /* DetailViewModel.swift in Sources */,
				E81BEFA72507C13300703FEE /* DetailCoordinator.swift in Sources */,
				E82DC8F925079D7C00BBA6E4 /* PagedResponse.swift in Sources */,
				E6AD0E33263971FD0003900B /* FavoritesCoordinator.swift in Sources */,
				E61921BC2639989900C6154C /* FavoriteViewModel.swift in Sources */,
				E82DC8F425079BC700BBA6E4 /* MainViewModel.swift in Sources */,
			);
			runOnlyForDeploymentPostprocessing = 0;
		};
/* End PBXSourcesBuildPhase section */

/* Begin PBXVariantGroup section */
		E80ABE3225077F1800640E3F /* Main.storyboard */ = {
			isa = PBXVariantGroup;
			children = (
				E80ABE3325077F1800640E3F /* Base */,
			);
			name = Main.storyboard;
			sourceTree = "<group>";
		};
		E80ABE3725077F1900640E3F /* LaunchScreen.storyboard */ = {
			isa = PBXVariantGroup;
			children = (
				E80ABE3825077F1900640E3F /* Base */,
			);
			name = LaunchScreen.storyboard;
			sourceTree = "<group>";
		};
/* End PBXVariantGroup section */

/* Begin XCBuildConfiguration section */
		E80ABE3B25077F1900640E3F /* Debug */ = {
			isa = XCBuildConfiguration;
			buildSettings = {
				ALWAYS_SEARCH_USER_PATHS = NO;
				CLANG_ANALYZER_NONNULL = YES;
				CLANG_ANALYZER_NUMBER_OBJECT_CONVERSION = YES_AGGRESSIVE;
				CLANG_CXX_LANGUAGE_STANDARD = "gnu++14";
				CLANG_CXX_LIBRARY = "libc++";
				CLANG_ENABLE_MODULES = YES;
				CLANG_ENABLE_OBJC_ARC = YES;
				CLANG_ENABLE_OBJC_WEAK = YES;
				CLANG_WARN_BLOCK_CAPTURE_AUTORELEASING = YES;
				CLANG_WARN_BOOL_CONVERSION = YES;
				CLANG_WARN_COMMA = YES;
				CLANG_WARN_CONSTANT_CONVERSION = YES;
				CLANG_WARN_DEPRECATED_OBJC_IMPLEMENTATIONS = YES;
				CLANG_WARN_DIRECT_OBJC_ISA_USAGE = YES_ERROR;
				CLANG_WARN_DOCUMENTATION_COMMENTS = YES;
				CLANG_WARN_EMPTY_BODY = YES;
				CLANG_WARN_ENUM_CONVERSION = YES;
				CLANG_WARN_INFINITE_RECURSION = YES;
				CLANG_WARN_INT_CONVERSION = YES;
				CLANG_WARN_NON_LITERAL_NULL_CONVERSION = YES;
				CLANG_WARN_OBJC_IMPLICIT_RETAIN_SELF = YES;
				CLANG_WARN_OBJC_LITERAL_CONVERSION = YES;
				CLANG_WARN_OBJC_ROOT_CLASS = YES_ERROR;
				CLANG_WARN_QUOTED_INCLUDE_IN_FRAMEWORK_HEADER = YES;
				CLANG_WARN_RANGE_LOOP_ANALYSIS = YES;
				CLANG_WARN_STRICT_PROTOTYPES = YES;
				CLANG_WARN_SUSPICIOUS_MOVE = YES;
				CLANG_WARN_UNGUARDED_AVAILABILITY = YES_AGGRESSIVE;
				CLANG_WARN_UNREACHABLE_CODE = YES;
				CLANG_WARN__DUPLICATE_METHOD_MATCH = YES;
				COPY_PHASE_STRIP = NO;
				DEBUG_INFORMATION_FORMAT = dwarf;
				ENABLE_STRICT_OBJC_MSGSEND = YES;
				ENABLE_TESTABILITY = YES;
				GCC_C_LANGUAGE_STANDARD = gnu11;
				GCC_DYNAMIC_NO_PIC = NO;
				GCC_NO_COMMON_BLOCKS = YES;
				GCC_OPTIMIZATION_LEVEL = 0;
				GCC_PREPROCESSOR_DEFINITIONS = (
					"DEBUG=1",
					"$(inherited)",
				);
				GCC_WARN_64_TO_32_BIT_CONVERSION = YES;
				GCC_WARN_ABOUT_RETURN_TYPE = YES_ERROR;
				GCC_WARN_UNDECLARED_SELECTOR = YES;
				GCC_WARN_UNINITIALIZED_AUTOS = YES_AGGRESSIVE;
				GCC_WARN_UNUSED_FUNCTION = YES;
				GCC_WARN_UNUSED_VARIABLE = YES;
				IPHONEOS_DEPLOYMENT_TARGET = 12.0;
				MTL_ENABLE_DEBUG_INFO = INCLUDE_SOURCE;
				MTL_FAST_MATH = YES;
				ONLY_ACTIVE_ARCH = YES;
				SDKROOT = iphoneos;
				SWIFT_ACTIVE_COMPILATION_CONDITIONS = DEBUG;
				SWIFT_OPTIMIZATION_LEVEL = "-Onone";
			};
			name = Debug;
		};
		E80ABE3C25077F1900640E3F /* Release */ = {
			isa = XCBuildConfiguration;
			buildSettings = {
				ALWAYS_SEARCH_USER_PATHS = NO;
				CLANG_ANALYZER_NONNULL = YES;
				CLANG_ANALYZER_NUMBER_OBJECT_CONVERSION = YES_AGGRESSIVE;
				CLANG_CXX_LANGUAGE_STANDARD = "gnu++14";
				CLANG_CXX_LIBRARY = "libc++";
				CLANG_ENABLE_MODULES = YES;
				CLANG_ENABLE_OBJC_ARC = YES;
				CLANG_ENABLE_OBJC_WEAK = YES;
				CLANG_WARN_BLOCK_CAPTURE_AUTORELEASING = YES;
				CLANG_WARN_BOOL_CONVERSION = YES;
				CLANG_WARN_COMMA = YES;
				CLANG_WARN_CONSTANT_CONVERSION = YES;
				CLANG_WARN_DEPRECATED_OBJC_IMPLEMENTATIONS = YES;
				CLANG_WARN_DIRECT_OBJC_ISA_USAGE = YES_ERROR;
				CLANG_WARN_DOCUMENTATION_COMMENTS = YES;
				CLANG_WARN_EMPTY_BODY = YES;
				CLANG_WARN_ENUM_CONVERSION = YES;
				CLANG_WARN_INFINITE_RECURSION = YES;
				CLANG_WARN_INT_CONVERSION = YES;
				CLANG_WARN_NON_LITERAL_NULL_CONVERSION = YES;
				CLANG_WARN_OBJC_IMPLICIT_RETAIN_SELF = YES;
				CLANG_WARN_OBJC_LITERAL_CONVERSION = YES;
				CLANG_WARN_OBJC_ROOT_CLASS = YES_ERROR;
				CLANG_WARN_QUOTED_INCLUDE_IN_FRAMEWORK_HEADER = YES;
				CLANG_WARN_RANGE_LOOP_ANALYSIS = YES;
				CLANG_WARN_STRICT_PROTOTYPES = YES;
				CLANG_WARN_SUSPICIOUS_MOVE = YES;
				CLANG_WARN_UNGUARDED_AVAILABILITY = YES_AGGRESSIVE;
				CLANG_WARN_UNREACHABLE_CODE = YES;
				CLANG_WARN__DUPLICATE_METHOD_MATCH = YES;
				COPY_PHASE_STRIP = NO;
				DEBUG_INFORMATION_FORMAT = "dwarf-with-dsym";
				ENABLE_NS_ASSERTIONS = NO;
				ENABLE_STRICT_OBJC_MSGSEND = YES;
				GCC_C_LANGUAGE_STANDARD = gnu11;
				GCC_NO_COMMON_BLOCKS = YES;
				GCC_WARN_64_TO_32_BIT_CONVERSION = YES;
				GCC_WARN_ABOUT_RETURN_TYPE = YES_ERROR;
				GCC_WARN_UNDECLARED_SELECTOR = YES;
				GCC_WARN_UNINITIALIZED_AUTOS = YES_AGGRESSIVE;
				GCC_WARN_UNUSED_FUNCTION = YES;
				GCC_WARN_UNUSED_VARIABLE = YES;
				IPHONEOS_DEPLOYMENT_TARGET = 12.0;
				MTL_ENABLE_DEBUG_INFO = NO;
				MTL_FAST_MATH = YES;
				SDKROOT = iphoneos;
				SWIFT_COMPILATION_MODE = wholemodule;
				SWIFT_OPTIMIZATION_LEVEL = "-O";
				VALIDATE_PRODUCT = YES;
			};
			name = Release;
		};
		E80ABE3E25077F1900640E3F /* Debug */ = {
			isa = XCBuildConfiguration;
			baseConfigurationReference = 641F6714E337C7D47785A3BA /* Pods-iTunesMedia.debug.xcconfig */;
			buildSettings = {
				ASSETCATALOG_COMPILER_APPICON_NAME = AppIcon;
				CODE_SIGN_STYLE = Automatic;
				DEVELOPMENT_TEAM = A3JSRJ7PCQ;
				INFOPLIST_FILE = iTunesMedia/Info.plist;
				IPHONEOS_DEPLOYMENT_TARGET = 12.0;
				LD_RUNPATH_SEARCH_PATHS = (
					"$(inherited)",
					"@executable_path/Frameworks",
				);
				PRODUCT_BUNDLE_IDENTIFIER = Iseiju.iTunesMedia;
				PRODUCT_NAME = "$(TARGET_NAME)";
				SWIFT_VERSION = 5.0;
				TARGETED_DEVICE_FAMILY = "1,2";
			};
			name = Debug;
		};
		E80ABE3F25077F1900640E3F /* Release */ = {
			isa = XCBuildConfiguration;
			baseConfigurationReference = 12B18BFA37C2F617DFE2EA09 /* Pods-iTunesMedia.release.xcconfig */;
			buildSettings = {
				ASSETCATALOG_COMPILER_APPICON_NAME = AppIcon;
				CODE_SIGN_STYLE = Automatic;
				DEVELOPMENT_TEAM = A3JSRJ7PCQ;
				INFOPLIST_FILE = iTunesMedia/Info.plist;
				IPHONEOS_DEPLOYMENT_TARGET = 12.0;
				LD_RUNPATH_SEARCH_PATHS = (
					"$(inherited)",
					"@executable_path/Frameworks",
				);
				PRODUCT_BUNDLE_IDENTIFIER = Iseiju.iTunesMedia;
				PRODUCT_NAME = "$(TARGET_NAME)";
				SWIFT_VERSION = 5.0;
				TARGETED_DEVICE_FAMILY = "1,2";
			};
			name = Release;
		};
/* End XCBuildConfiguration section */

/* Begin XCConfigurationList section */
		E80ABE2425077F1800640E3F /* Build configuration list for PBXProject "iTunesMedia" */ = {
			isa = XCConfigurationList;
			buildConfigurations = (
				E80ABE3B25077F1900640E3F /* Debug */,
				E80ABE3C25077F1900640E3F /* Release */,
			);
			defaultConfigurationIsVisible = 0;
			defaultConfigurationName = Release;
		};
		E80ABE3D25077F1900640E3F /* Build configuration list for PBXNativeTarget "iTunesMedia" */ = {
			isa = XCConfigurationList;
			buildConfigurations = (
				E80ABE3E25077F1900640E3F /* Debug */,
				E80ABE3F25077F1900640E3F /* Release */,
			);
			defaultConfigurationIsVisible = 0;
			defaultConfigurationName = Release;
		};
/* End XCConfigurationList section */
	};
	rootObject = E80ABE2125077F1800640E3F /* Project object */;
}
